{
  "name": "map",
  "version": "0.0.0",
  "lockfileVersion": 1,
  "requires": true,
  "dependencies": {
    "@types/node": {
      "version": "10.1.1",
      "resolved": "https://registry.npmjs.org/@types/node/-/node-10.1.1.tgz",
      "integrity": "sha512-n7wxy8r2tjVcrzZoKJlyZmi1C1VhXGHAGhDEO1iqp7fbsTSsDF3dVA50KFsPg77EXqzNJqbzcna8Mi4m7a1lyw==",
      "dev": true
    },
    "@types/pug": {
      "version": "2.0.4",
      "resolved": "https://registry.npmjs.org/@types/pug/-/pug-2.0.4.tgz",
      "integrity": "sha1-h3L80EGOPNLMFxVV1zAHQVBR9LI=",
      "dev": true
    },
    "@types/stylus": {
      "version": "0.48.30",
      "resolved": "https://registry.npmjs.org/@types/stylus/-/stylus-0.48.30.tgz",
      "integrity": "sha512-VcBVHKAwx3lm2M63V8g/K6n8D6VP8razrWEDU9T/uNPThiTPMlNrDhNZ+3CpOUX00YzIR5/8PP8C2tXiY0lRqg==",
      "dev": true,
      "requires": {
        "@types/node": "10.1.1"
      }
    }
  }
}
