{
  "name": "project-party",
  "version": "0.0.0",
  "lockfileVersion": 1,
  "requires": true,
  "dependencies": {
    "@types/less": {
      "version": "0.0.32",
      "resolved": "https://registry.npmjs.org/@types/less/-/less-0.0.32.tgz",
      "integrity": "sha1-fjbMv8cwJ43DOrS5CxEcoy5TJBA=",
      "dev": true
    }
  }
}
